
Microsoft Visual Studio Solution File, Format Version 12.00
# Visual Studio 15
VisualStudioVersion = 15.0.28307.106
MinimumVisualStudioVersion = 10.0.40219.1
Project("{9A19103F-16F7-4668-BE54-9A1E7A4F7556}") = "XmlRPC", "XmlRPC\XmlRPC.csproj", "{31924D38-6454-48D1-B392-03121C55EF74}"
EndProject
Project("{9A19103F-16F7-4668-BE54-9A1E7A4F7556}") = "XmlRPC.Tests", "XmlRPC.Tests\XmlRPC.Tests.csproj", "{44F9CFA3-19A2-42EE-B152-C8B542402283}"
EndProject
Global
	GlobalSection(SolutionConfigurationPlatforms) = preSolution
		Debug|Any CPU = Debug|Any CPU
		Release|Any CPU = Release|Any CPU
	EndGlobalSection
	GlobalSection(ProjectConfigurationPlatforms) = postSolution
		{31924D38-6454-48D1-B392-03121C55EF74}.Debug|Any CPU.ActiveCfg = Debug|Any CPU
		{31924D38-6454-48D1-B392-03121C55EF74}.Debug|Any CPU.Build.0 = Debug|Any CPU
		{31924D38-6454-48D1-B392-03121C55EF74}.Release|Any CPU.ActiveCfg = Release|Any CPU
		{31924D38-6454-48D1-B392-03121C55EF74}.Release|Any CPU.Build.0 = Release|Any CPU
		{44F9CFA3-19A2-42EE-B152-C8B542402283}.Debug|Any CPU.ActiveCfg = Debug|Any CPU
		{44F9CFA3-19A2-42EE-B152-C8B542402283}.Debug|Any CPU.Build.0 = Debug|Any CPU
		{44F9CFA3-19A2-42EE-B152-C8B542402283}.Release|Any CPU.ActiveCfg = Release|Any CPU
		{44F9CFA3-19A2-42EE-B152-C8B542402283}.Release|Any CPU.Build.0 = Release|Any CPU
	EndGlobalSection
	GlobalSection(SolutionProperties) = preSolution
		HideSolutionNode = FALSE
	EndGlobalSection
	GlobalSection(ExtensibilityGlobals) = postSolution
		SolutionGuid = {97D72733-955E-44D1-9247-01C6952642C8}
	EndGlobalSection
EndGlobal
